// !$*UTF8*$!
{
	archiveVersion = 1;
	classes = {
	};
	objectVersion = 50;
	objects = {

/* Begin PBXBuildFile section */
		513376DB256A8C36001AF437 /* Stepper_Control_ExamplesApp.swift in Sources */ = {isa = PBXBuildFile; fileRef = 513376DA256A8C36001AF437 /* Stepper_Control_ExamplesApp.swift */; };
		513376DD256A8C36001AF437 /* ContentView.swift in Sources */ = {isa = PBXBuildFile; fileRef = 513376DC256A8C36001AF437 /* ContentView.swift */; };
		513376DF256A8C38001AF437 /* Assets.xcassets in Resources */ = {isa = PBXBuildFile; fileRef = 513376DE256A8C38001AF437 /* Assets.xcassets */; };
		513376E2256A8C38001AF437 /* Preview Assets.xcassets in Resources */ = {isa = PBXBuildFile; fileRef = 513376E1256A8C38001AF437 /* Preview Assets.xcassets */; };
		513376EB256A8C4F001AF437 /* UnrestrictedStepperView.swift in Sources */ = {isa = PBXBuildFile; fileRef = 513376EA256A8C4F001AF437 /* UnrestrictedStepperView.swift */; };
		513376EE256A8D8E001AF437 /* ClosedRangeStepperView.swift in Sources */ = {isa = PBXBuildFile; fileRef = 513376ED256A8D8E001AF437 /* ClosedRangeStepperView.swift */; };
		513376F1256A8E6C001AF437 /* NoBindingStepperView.swift in Sources */ = {isa = PBXBuildFile; fileRef = 513376F0256A8E6C001AF437 /* NoBindingStepperView.swift */; };
/* End PBXBuildFile section */

/* Begin PBXFileReference section */
		513376D7256A8C36001AF437 /* Stepper Control Examples.app */ = {isa = PBXFileReference; explicitFileType = wrapper.application; includeInIndex = 0; path = "Stepper Control Examples.app"; sourceTree = BUILT_PRODUCTS_DIR; };
		513376DA256A8C36001AF437 /* Stepper_Control_ExamplesApp.swift */ = {isa = PBXFileReference; lastKnownFileType = sourcecode.swift; path = Stepper_Control_ExamplesApp.swift; sourceTree = "<group>"; };
		513376DC256A8C36001AF437 /* ContentView.swift */ = {isa = PBXFileReference; lastKnownFileType = sourcecode.swift; path = ContentView.swift; sourceTree = "<group>"; };
		513376DE256A8C38001AF437 /* Assets.xcassets */ = {isa = PBXFileReference; lastKnownFileType = folder.assetcatalog; path = Assets.xcassets; sourceTree = "<group>"; };
		513376E1256A8C38001AF437 /* Preview Assets.xcassets */ = {isa = PBXFileReference; lastKnownFileType = folder.assetcatalog; path = "Preview Assets.xcassets"; sourceTree = "<group>"; };
		513376E3256A8C38001AF437 /* Info.plist */ = {isa = PBXFileReference; lastKnownFileType = text.plist.xml; path = Info.plist; sourceTree = "<group>"; };
		513376EA256A8C4F001AF437 /* UnrestrictedStepperView.swift */ = {isa = PBXFileReference; lastKnownFileType = sourcecode.swift; path = UnrestrictedStepperView.swift; sourceTree = "<group>"; };
		513376ED256A8D8E001AF437 /* ClosedRangeStepperView.swift */ = {isa = PBXFileReference; lastKnownFileType = sourcecode.swift; path = ClosedRangeStepperView.swift; sourceTree = "<group>"; };
		513376F0256A8E6C001AF437 /* NoBindingStepperView.swift */ = {isa = PBXFileReference; lastKnownFileType = sourcecode.swift; path = NoBindingStepperView.swift; sourceTree = "<group>"; };
/* End PBXFileReference section */

/* Begin PBXFrameworksBuildPhase section */
		513376D4256A8C36001AF437 /* Frameworks */ = {
			isa = PBXFrameworksBuildPhase;
			buildActionMask = 2147483647;
			files = (
			);
			runOnlyForDeploymentPostprocessing = 0;
		};
/* End PBXFrameworksBuildPhase section */

/* Begin PBXGroup section */
		513376CE256A8C35001AF437 = {
			isa = PBXGroup;
			children = (
				513376D9256A8C36001AF437 /* Stepper Control Examples */,
				513376D8256A8C36001AF437 /* Products */,
			);
			sourceTree = "<group>";
		};
		513376D8256A8C36001AF437 /* Products */ = {
			isa = PBXGroup;
			children = (
				513376D7256A8C36001AF437 /* Stepper Control Examples.app */,
			);
			name = Products;
			sourceTree = "<group>";
		};
		513376D9256A8C36001AF437 /* Stepper Control Examples */ = {
			isa = PBXGroup;
			children = (
				513376DA256A8C36001AF437 /* Stepper_Control_ExamplesApp.swift */,
				513376DC256A8C36001AF437 /* ContentView.swift */,
				513376EA256A8C4F001AF437 /* UnrestrictedStepperView.swift */,
				513376ED256A8D8E001AF437 /* ClosedRangeStepperView.swift */,
				513376F0256A8E6C001AF437 /* NoBindingStepperView.swift */,
				513376DE256A8C38001AF437 /* Assets.xcassets */,
				513376E3256A8C38001AF437 /* Info.plist */,
				513376E0256A8C38001AF437 /* Preview Content */,
			);
			path = "Stepper Control Examples";
			sourceTree = "<group>";
		};
		513376E0256A8C38001AF437 /* Preview Content */ = {
			isa = PBXGroup;
			children = (
				513376E1256A8C38001AF437 /* Preview Assets.xcassets */,
			);
			path = "Preview Content";
			sourceTree = "<group>";
		};
/* End PBXGroup section */

/* Begin PBXNativeTarget section */
		513376D6256A8C36001AF437 /* Stepper Control Examples */ = {
			isa = PBXNativeTarget;
			buildConfigurationList = 513376E6256A8C38001AF437 /* Build configuration list for PBXNativeTarget "Stepper Control Examples" */;
			buildPhases = (
				513376D3256A8C36001AF437 /* Sources */,
				513376D4256A8C36001AF437 /* Frameworks */,
				513376D5256A8C36001AF437 /* Resources */,
			);
			buildRules = (
			);
			dependencies = (
			);
			name = "Stepper Control Examples";
			productName = "Stepper Control Examples";
			productReference = 513376D7256A8C36001AF437 /* Stepper Control Examples.app */;
			productType = "com.apple.product-type.application";
		};
/* End PBXNativeTarget section */

/* Begin PBXProject section */
		513376CF256A8C35001AF437 /* Project object */ = {
			isa = PBXProject;
			attributes = {
				LastSwiftUpdateCheck = 1210;
				LastUpgradeCheck = 1210;
				TargetAttributes = {
					513376D6256A8C36001AF437 = {
						CreatedOnToolsVersion = 12.1;
					};
				};
			};
			buildConfigurationList = 513376D2256A8C35001AF437 /* Build configuration list for PBXProject "Stepper Control Examples" */;
			compatibilityVersion = "Xcode 9.3";
			developmentRegion = en;
			hasScannedForEncodings = 0;
			knownRegions = (
				en,
				Base,
			);
			mainGroup = 513376CE256A8C35001AF437;
			productRefGroup = 513376D8256A8C36001AF437 /* Products */;
			projectDirPath = "";
			projectRoot = "";
			targets = (
				513376D6256A8C36001AF437 /* Stepper Control Examples */,
			);
		};
/* End PBXProject section */

/* Begin PBXResourcesBuildPhase section */
		513376D5256A8C36001AF437 /* Resources */ = {
			isa = PBXResourcesBuildPhase;
			buildActionMask = 2147483647;
			files = (
				513376E2256A8C38001AF437 /* Preview Assets.xcassets in Resources */,
				513376DF256A8C38001AF437 /* Assets.xcassets in Resources */,
			);
			runOnlyForDeploymentPostprocessing = 0;
		};
/* End PBXResourcesBuildPhase section */

/* Begin PBXSourcesBuildPhase section */
		513376D3256A8C36001AF437 /* Sources */ = {
			isa = PBXSourcesBuildPhase;
			buildActionMask = 2147483647;
			files = (
				513376F1256A8E6C001AF437 /* NoBindingStepperView.swift in Sources */,
				513376EE256A8D8E001AF437 /* ClosedRangeStepperView.swift in Sources */,
				513376DD256A8C36001AF437 /* ContentView.swift in Sources */,
				513376DB256A8C36001AF437 /* Stepper_Control_ExamplesApp.swift in Sources */,
				513376EB256A8C4F001AF437 /* UnrestrictedStepperView.swift in Sources */,
			);
			runOnlyForDeploymentPostprocessing = 0;
		};
/* End PBXSourcesBuildPhase section */

/* Begin XCBuildConfiguration section */
		513376E4256A8C38001AF437 /* Debug */ = {
			isa = XCBuildConfiguration;
			buildSettings = {
				ALWAYS_SEARCH_USER_PATHS = NO;
				CLANG_ANALYZER_NONNULL = YES;
				CLANG_ANALYZER_NUMBER_OBJECT_CONVERSION = YES_AGGRESSIVE;
				CLANG_CXX_LANGUAGE_STANDARD = "gnu++14";
				CLANG_CXX_LIBRARY = "libc++";
				CLANG_ENABLE_MODULES = YES;
				CLANG_ENABLE_OBJC_ARC = YES;
				CLANG_ENABLE_OBJC_WEAK = YES;
				CLANG_WARN_BLOCK_CAPTURE_AUTORELEASING = YES;
				CLANG_WARN_BOOL_CONVERSION = YES;
				CLANG_WARN_COMMA = YES;
				CLANG_WARN_CONSTANT_CONVERSION = YES;
				CLANG_WARN_DEPRECATED_OBJC_IMPLEMENTATIONS = YES;
				CLANG_WARN_DIRECT_OBJC_ISA_USAGE = YES_ERROR;
				CLANG_WARN_DOCUMENTATION_COMMENTS = YES;
				CLANG_WARN_EMPTY_BODY = YES;
				CLANG_WARN_ENUM_CONVERSION = YES;
				CLANG_WARN_INFINITE_RECURSION = YES;
				CLANG_WARN_INT_CONVERSION = YES;
				CLANG_WARN_NON_LITERAL_NULL_CONVERSION = YES;
				CLANG_WARN_OBJC_IMPLICIT_RETAIN_SELF = YES;
				CLANG_WARN_OBJC_LITERAL_CONVERSION = YES;
				CLANG_WARN_OBJC_ROOT_CLASS = YES_ERROR;
				CLANG_WARN_QUOTED_INCLUDE_IN_FRAMEWORK_HEADER = YES;
				CLANG_WARN_RANGE_LOOP_ANALYSIS = YES;
				CLANG_WARN_STRICT_PROTOTYPES = YES;
				CLANG_WARN_SUSPICIOUS_MOVE = YES;
				CLANG_WARN_UNGUARDED_AVAILABILITY = YES_AGGRESSIVE;
				CLANG_WARN_UNREACHABLE_CODE = YES;
				CLANG_WARN__DUPLICATE_METHOD_MATCH = YES;
				COPY_PHASE_STRIP = NO;
				DEBUG_INFORMATION_FORMAT = dwarf;
				ENABLE_STRICT_OBJC_MSGSEND = YES;
				ENABLE_TESTABILITY = YES;
				GCC_C_LANGUAGE_STANDARD = gnu11;
				GCC_DYNAMIC_NO_PIC = NO;
				GCC_NO_COMMON_BLOCKS = YES;
				GCC_OPTIMIZATION_LEVEL = 0;
				GCC_PREPROCESSOR_DEFINITIONS = (
					"DEBUG=1",
					"$(inherited)",
				);
				GCC_WARN_64_TO_32_BIT_CONVERSION = YES;
				GCC_WARN_ABOUT_RETURN_TYPE = YES_ERROR;
				GCC_WARN_UNDECLARED_SELECTOR = YES;
				GCC_WARN_UNINITIALIZED_AUTOS = YES_AGGRESSIVE;
				GCC_WARN_UNUSED_FUNCTION = YES;
				GCC_WARN_UNUSED_VARIABLE = YES;
				IPHONEOS_DEPLOYMENT_TARGET = 14.1;
				MTL_ENABLE_DEBUG_INFO = INCLUDE_SOURCE;
				MTL_FAST_MATH = YES;
				ONLY_ACTIVE_ARCH = YES;
				SDKROOT = iphoneos;
				SWIFT_ACTIVE_COMPILATION_CONDITIONS = DEBUG;
				SWIFT_OPTIMIZATION_LEVEL = "-Onone";
			};
			name = Debug;
		};
		513376E5256A8C38001AF437 /* Release */ = {
			isa = XCBuildConfiguration;
			buildSettings = {
				ALWAYS_SEARCH_USER_PATHS = NO;
				CLANG_ANALYZER_NONNULL = YES;
				CLANG_ANALYZER_NUMBER_OBJECT_CONVERSION = YES_AGGRESSIVE;
				CLANG_CXX_LANGUAGE_STANDARD = "gnu++14";
				CLANG_CXX_LIBRARY = "libc++";
				CLANG_ENABLE_MODULES = YES;
				CLANG_ENABLE_OBJC_ARC = YES;
				CLANG_ENABLE_OBJC_WEAK = YES;
				CLANG_WARN_BLOCK_CAPTURE_AUTORELEASING = YES;
				CLANG_WARN_BOOL_CONVERSION = YES;
				CLANG_WARN_COMMA = YES;
				CLANG_WARN_CONSTANT_CONVERSION = YES;
				CLANG_WARN_DEPRECATED_OBJC_IMPLEMENTATIONS = YES;
				CLANG_WARN_DIRECT_OBJC_ISA_USAGE = YES_ERROR;
				CLANG_WARN_DOCUMENTATION_COMMENTS = YES;
				CLANG_WARN_EMPTY_BODY = YES;
				CLANG_WARN_ENUM_CONVERSION = YES;
				CLANG_WARN_INFINITE_RECURSION = YES;
				CLANG_WARN_INT_CONVERSION = YES;
				CLANG_WARN_NON_LITERAL_NULL_CONVERSION = YES;
				CLANG_WARN_OBJC_IMPLICIT_RETAIN_SELF = YES;
				CLANG_WARN_OBJC_LITERAL_CONVERSION = YES;
				CLANG_WARN_OBJC_ROOT_CLASS = YES_ERROR;
				CLANG_WARN_QUOTED_INCLUDE_IN_FRAMEWORK_HEADER = YES;
				CLANG_WARN_RANGE_LOOP_ANALYSIS = YES;
				CLANG_WARN_STRICT_PROTOTYPES = YES;
				CLANG_WARN_SUSPICIOUS_MOVE = YES;
				CLANG_WARN_UNGUARDED_AVAILABILITY = YES_AGGRESSIVE;
				CLANG_WARN_UNREACHABLE_CODE = YES;
				CLANG_WARN__DUPLICATE_METHOD_MATCH = YES;
				COPY_PHASE_STRIP = NO;
				DEBUG_INFORMATION_FORMAT = "dwarf-with-dsym";
				ENABLE_NS_ASSERTIONS = NO;
				ENABLE_STRICT_OBJC_MSGSEND = YES;
				GCC_C_LANGUAGE_STANDARD = gnu11;
				GCC_NO_COMMON_BLOCKS = YES;
				GCC_WARN_64_TO_32_BIT_CONVERSION = YES;
				GCC_WARN_ABOUT_RETURN_TYPE = YES_ERROR;
				GCC_WARN_UNDECLARED_SELECTOR = YES;
				GCC_WARN_UNINITIALIZED_AUTOS = YES_AGGRESSIVE;
				GCC_WARN_UNUSED_FUNCTION = YES;
				GCC_WARN_UNUSED_VARIABLE = YES;
				IPHONEOS_DEPLOYMENT_TARGET = 14.1;
				MTL_ENABLE_DEBUG_INFO = NO;
				MTL_FAST_MATH = YES;
				SDKROOT = iphoneos;
				SWIFT_COMPILATION_MODE = wholemodule;
				SWIFT_OPTIMIZATION_LEVEL = "-O";
				VALIDATE_PRODUCT = YES;
			};
			name = Release;
		};
		513376E7256A8C38001AF437 /* Debug */ = {
			isa = XCBuildConfiguration;
			buildSettings = {
				ASSETCATALOG_COMPILER_APPICON_NAME = AppIcon;
				ASSETCATALOG_COMPILER_GLOBAL_ACCENT_COLOR_NAME = AccentColor;
				CODE_SIGN_STYLE = Automatic;
				DEVELOPMENT_ASSET_PATHS = "\"Stepper Control Examples/Preview Content\"";
				DEVELOPMENT_TEAM = R77BD8MPA8;
				ENABLE_PREVIEWS = YES;
				INFOPLIST_FILE = "Stepper Control Examples/Info.plist";
				IPHONEOS_DEPLOYMENT_TARGET = 14.0;
				LD_RUNPATH_SEARCH_PATHS = (
					"$(inherited)",
					"@executable_path/Frameworks",
				);
				PRODUCT_BUNDLE_IDENTIFIER = "com.mazharul.huq.Stepper-Control-Examples";
				PRODUCT_NAME = "$(TARGET_NAME)";
				SWIFT_VERSION = 5.0;
				TARGETED_DEVICE_FAMILY = "1,2";
			};
			name = Debug;
		};
		513376E8256A8C38001AF437 /* Release */ = {
			isa = XCBuildConfiguration;
			buildSettings = {
				ASSETCATALOG_COMPILER_APPICON_NAME = AppIcon;
				ASSETCATALOG_COMPILER_GLOBAL_ACCENT_COLOR_NAME = AccentColor;
				CODE_SIGN_STYLE = Automatic;
				DEVELOPMENT_ASSET_PATHS = "\"Stepper Control Examples/Preview Content\"";
				DEVELOPMENT_TEAM = R77BD8MPA8;
				ENABLE_PREVIEWS = YES;
				INFOPLIST_FILE = "Stepper Control Examples/Info.plist";
				IPHONEOS_DEPLOYMENT_TARGET = 14.0;
				LD_RUNPATH_SEARCH_PATHS = (
					"$(inherited)",
					"@executable_path/Frameworks",
				);
				PRODUCT_BUNDLE_IDENTIFIER = "com.mazharul.huq.Stepper-Control-Examples";
				PRODUCT_NAME = "$(TARGET_NAME)";
				SWIFT_VERSION = 5.0;
				TARGETED_DEVICE_FAMILY = "1,2";
			};
			name = Release;
		};
/* End XCBuildConfiguration section */

/* Begin XCConfigurationList section */
		513376D2256A8C35001AF437 /* Build configuration list for PBXProject "Stepper Control Examples" */ = {
			isa = XCConfigurationList;
			buildConfigurations = (
				513376E4256A8C38001AF437 /* Debug */,
				513376E5256A8C38001AF437 /* Release */,
			);
			defaultConfigurationIsVisible = 0;
			defaultConfigurationName = Release;
		};
		513376E6256A8C38001AF437 /* Build configuration list for PBXNativeTarget "Stepper Control Examples" */ = {
			isa = XCConfigurationList;
			buildConfigurations = (
				513376E7256A8C38001AF437 /* Debug */,
				513376E8256A8C38001AF437 /* Release */,
			);
			defaultConfigurationIsVisible = 0;
			defaultConfigurationName = Release;
		};
/* End XCConfigurationList section */
	};
	rootObject = 513376CF256A8C35001AF437 /* Project object */;
}
